
Microsoft Visual Studio Solution File, Format Version 12.00
# Visual Studio 14
VisualStudioVersion = 14.0.25420.1
MinimumVisualStudioVersion = 10.0.40219.1
Project("{FAE04EC0-301F-11D3-BF4B-00C04F79EFBC}") = "ClNombreEnLettres", "ClNombreEnLettres\ClNombreEnLettres.csproj", "{F9162365-5ECA-4BB0-9CB3-3ED58F1650A7}"
EndProject
Project("{FAE04EC0-301F-11D3-BF4B-00C04F79EFBC}") = "UnitTestProject3", "UnitTestProject3\UnitTestProject3.csproj", "{83E70D39-3B00-431F-9473-1C1BF1EB157F}"
EndProject
Global
	GlobalSection(SolutionConfigurationPlatforms) = preSolution
		Debug|Any CPU = Debug|Any CPU
		Release|Any CPU = Release|Any CPU
	EndGlobalSection
	GlobalSection(ProjectConfigurationPlatforms) = postSolution
		{F9162365-5ECA-4BB0-9CB3-3ED58F1650A7}.Debug|Any CPU.ActiveCfg = Debug|Any CPU
		{F9162365-5ECA-4BB0-9CB3-3ED58F1650A7}.Debug|Any CPU.Build.0 = Debug|Any CPU
		{F9162365-5ECA-4BB0-9CB3-3ED58F1650A7}.Release|Any CPU.ActiveCfg = Release|Any CPU
		{F9162365-5ECA-4BB0-9CB3-3ED58F1650A7}.Release|Any CPU.Build.0 = Release|Any CPU
		{83E70D39-3B00-431F-9473-1C1BF1EB157F}.Debug|Any CPU.ActiveCfg = Debug|Any CPU
		{83E70D39-3B00-431F-9473-1C1BF1EB157F}.Debug|Any CPU.Build.0 = Debug|Any CPU
		{83E70D39-3B00-431F-9473-1C1BF1EB157F}.Release|Any CPU.ActiveCfg = Release|Any CPU
		{83E70D39-3B00-431F-9473-1C1BF1EB157F}.Release|Any CPU.Build.0 = Release|Any CPU
	EndGlobalSection
	GlobalSection(SolutionProperties) = preSolution
		HideSolutionNode = FALSE
	EndGlobalSection
EndGlobal
